
Microsoft Visual Studio Solution File, Format Version 12.00
# Visual Studio 2013
VisualStudioVersion = 12.0.31101.0
MinimumVisualStudioVersion = 10.0.40219.1
Project("{FAE04EC0-301F-11D3-BF4B-00C04F79EFBC}") = "xamAzureMobileServices", "xamAzureMobileServices\xamAzureMobileServices\xamAzureMobileServices.csproj", "{0E126CF6-DD91-4E63-A118-1D2E464C7229}"
EndProject
Project("{FAE04EC0-301F-11D3-BF4B-00C04F79EFBC}") = "xamAzureMobileServices.iOS", "xamAzureMobileServices\xamAzureMobileServices.iOS\xamAzureMobileServices.iOS.csproj", "{4A0658B4-FCD1-456E-A1AE-C703DF23BCBA}"
EndProject
Project("{FAE04EC0-301F-11D3-BF4B-00C04F79EFBC}") = "xamAzureMobileServices.Droid", "xamAzureMobileServices\xamAzureMobileServices.Droid\xamAzureMobileServices.Droid.csproj", "{FF3CF3B3-3333-4AA6-A1B8-EBFA95B0444C}"
EndProject
Project("{FAE04EC0-301F-11D3-BF4B-00C04F79EFBC}") = "xamAzureMobileServices.WinPhone", "xamAzureMobileServices\xamAzureMobileServices.WinPhone\xamAzureMobileServices.WinPhone.csproj", "{68F4DA5A-20E8-413C-8D4C-8C38A426D7A3}"
EndProject
Global
	GlobalSection(SolutionConfigurationPlatforms) = preSolution
		Ad-Hoc|Any CPU = Ad-Hoc|Any CPU
		Ad-Hoc|ARM = Ad-Hoc|ARM
		Ad-Hoc|iPhone = Ad-Hoc|iPhone
		Ad-Hoc|iPhoneSimulator = Ad-Hoc|iPhoneSimulator
		Ad-Hoc|Mixed Platforms = Ad-Hoc|Mixed Platforms
		Ad-Hoc|x86 = Ad-Hoc|x86
		AppStore|Any CPU = AppStore|Any CPU
		AppStore|ARM = AppStore|ARM
		AppStore|iPhone = AppStore|iPhone
		AppStore|iPhoneSimulator = AppStore|iPhoneSimulator
		AppStore|Mixed Platforms = AppStore|Mixed Platforms
		AppStore|x86 = AppStore|x86
		Debug|Any CPU = Debug|Any CPU
		Debug|ARM = Debug|ARM
		Debug|iPhone = Debug|iPhone
		Debug|iPhoneSimulator = Debug|iPhoneSimulator
		Debug|Mixed Platforms = Debug|Mixed Platforms
		Debug|x86 = Debug|x86
		Release|Any CPU = Release|Any CPU
		Release|ARM = Release|ARM
		Release|iPhone = Release|iPhone
		Release|iPhoneSimulator = Release|iPhoneSimulator
		Release|Mixed Platforms = Release|Mixed Platforms
		Release|x86 = Release|x86
	EndGlobalSection
	GlobalSection(ProjectConfigurationPlatforms) = postSolution
		{0E126CF6-DD91-4E63-A118-1D2E464C7229}.Ad-Hoc|Any CPU.ActiveCfg = Release|Any CPU
		{0E126CF6-DD91-4E63-A118-1D2E464C7229}.Ad-Hoc|Any CPU.Build.0 = Release|Any CPU
		{0E126CF6-DD91-4E63-A118-1D2E464C7229}.Ad-Hoc|ARM.ActiveCfg = Release|Any CPU
		{0E126CF6-DD91-4E63-A118-1D2E464C7229}.Ad-Hoc|iPhone.ActiveCfg = Release|Any CPU
		{0E126CF6-DD91-4E63-A118-1D2E464C7229}.Ad-Hoc|iPhoneSimulator.ActiveCfg = Release|Any CPU
		{0E126CF6-DD91-4E63-A118-1D2E464C7229}.Ad-Hoc|Mixed Platforms.ActiveCfg = Release|Any CPU
		{0E126CF6-DD91-4E63-A118-1D2E464C7229}.Ad-Hoc|Mixed Platforms.Build.0 = Release|Any CPU
		{0E126CF6-DD91-4E63-A118-1D2E464C7229}.Ad-Hoc|x86.ActiveCfg = Release|Any CPU
		{0E126CF6-DD91-4E63-A118-1D2E464C7229}.AppStore|Any CPU.ActiveCfg = Release|Any CPU
		{0E126CF6-DD91-4E63-A118-1D2E464C7229}.AppStore|Any CPU.Build.0 = Release|Any CPU
		{0E126CF6-DD91-4E63-A118-1D2E464C7229}.AppStore|ARM.ActiveCfg = Release|Any CPU
		{0E126CF6-DD91-4E63-A118-1D2E464C7229}.AppStore|iPhone.ActiveCfg = Release|Any CPU
		{0E126CF6-DD91-4E63-A118-1D2E464C7229}.AppStore|iPhoneSimulator.ActiveCfg = Release|Any CPU
		{0E126CF6-DD91-4E63-A118-1D2E464C7229}.AppStore|Mixed Platforms.ActiveCfg = Release|Any CPU
		{0E126CF6-DD91-4E63-A118-1D2E464C7229}.AppStore|Mixed Platforms.Build.0 = Release|Any CPU
		{0E126CF6-DD91-4E63-A118-1D2E464C7229}.AppStore|x86.ActiveCfg = Release|Any CPU
		{0E126CF6-DD91-4E63-A118-1D2E464C7229}.Debug|Any CPU.ActiveCfg = Debug|Any CPU
		{0E126CF6-DD91-4E63-A118-1D2E464C7229}.Debug|Any CPU.Build.0 = Debug|Any CPU
		{0E126CF6-DD91-4E63-A118-1D2E464C7229}.Debug|ARM.ActiveCfg = Debug|Any CPU
		{0E126CF6-DD91-4E63-A118-1D2E464C7229}.Debug|iPhone.ActiveCfg = Debug|Any CPU
		{0E126CF6-DD91-4E63-A118-1D2E464C7229}.Debug|iPhoneSimulator.ActiveCfg = Debug|Any CPU
		{0E126CF6-DD91-4E63-A118-1D2E464C7229}.Debug|Mixed Platforms.ActiveCfg = Debug|Any CPU
		{0E126CF6-DD91-4E63-A118-1D2E464C7229}.Debug|Mixed Platforms.Build.0 = Debug|Any CPU
		{0E126CF6-DD91-4E63-A118-1D2E464C7229}.Debug|x86.ActiveCfg = Debug|Any CPU
		{0E126CF6-DD91-4E63-A118-1D2E464C7229}.Release|Any CPU.ActiveCfg = Release|Any CPU
		{0E126CF6-DD91-4E63-A118-1D2E464C7229}.Release|Any CPU.Build.0 = Release|Any CPU
		{0E126CF6-DD91-4E63-A118-1D2E464C7229}.Release|ARM.ActiveCfg = Release|Any CPU
		{0E126CF6-DD91-4E63-A118-1D2E464C7229}.Release|iPhone.ActiveCfg = Release|Any CPU
		{0E126CF6-DD91-4E63-A118-1D2E464C7229}.Release|iPhoneSimulator.ActiveCfg = Release|Any CPU
		{0E126CF6-DD91-4E63-A118-1D2E464C7229}.Release|Mixed Platforms.ActiveCfg = Release|Any CPU
		{0E126CF6-DD91-4E63-A118-1D2E464C7229}.Release|Mixed Platforms.Build.0 = Release|Any CPU
		{0E126CF6-DD91-4E63-A118-1D2E464C7229}.Release|x86.ActiveCfg = Release|Any CPU
		{4A0658B4-FCD1-456E-A1AE-C703DF23BCBA}.Ad-Hoc|Any CPU.ActiveCfg = Ad-Hoc|iPhone
		{4A0658B4-FCD1-456E-A1AE-C703DF23BCBA}.Ad-Hoc|ARM.ActiveCfg = Ad-Hoc|iPhone
		{4A0658B4-FCD1-456E-A1AE-C703DF23BCBA}.Ad-Hoc|iPhone.ActiveCfg = Ad-Hoc|iPhone
		{4A0658B4-FCD1-456E-A1AE-C703DF23BCBA}.Ad-Hoc|iPhone.Build.0 = Ad-Hoc|iPhone
		{4A0658B4-FCD1-456E-A1AE-C703DF23BCBA}.Ad-Hoc|iPhoneSimulator.ActiveCfg = Ad-Hoc|iPhoneSimulator
		{4A0658B4-FCD1-456E-A1AE-C703DF23BCBA}.Ad-Hoc|iPhoneSimulator.Build.0 = Ad-Hoc|iPhoneSimulator
		{4A0658B4-FCD1-456E-A1AE-C703DF23BCBA}.Ad-Hoc|Mixed Platforms.ActiveCfg = Ad-Hoc|iPhone
		{4A0658B4-FCD1-456E-A1AE-C703DF23BCBA}.Ad-Hoc|Mixed Platforms.Build.0 = Ad-Hoc|iPhone
		{4A0658B4-FCD1-456E-A1AE-C703DF23BCBA}.Ad-Hoc|x86.ActiveCfg = Ad-Hoc|iPhone
		{4A0658B4-FCD1-456E-A1AE-C703DF23BCBA}.AppStore|Any CPU.ActiveCfg = AppStore|iPhone
		{4A0658B4-FCD1-456E-A1AE-C703DF23BCBA}.AppStore|ARM.ActiveCfg = AppStore|iPhone
		{4A0658B4-FCD1-456E-A1AE-C703DF23BCBA}.AppStore|iPhone.ActiveCfg = AppStore|iPhone
		{4A0658B4-FCD1-456E-A1AE-C703DF23BCBA}.AppStore|iPhone.Build.0 = AppStore|iPhone
		{4A0658B4-FCD1-456E-A1AE-C703DF23BCBA}.AppStore|iPhoneSimulator.ActiveCfg = AppStore|iPhoneSimulator
		{4A0658B4-FCD1-456E-A1AE-C703DF23BCBA}.AppStore|iPhoneSimulator.Build.0 = AppStore|iPhoneSimulator
		{4A0658B4-FCD1-456E-A1AE-C703DF23BCBA}.AppStore|Mixed Platforms.ActiveCfg = AppStore|iPhone
		{4A0658B4-FCD1-456E-A1AE-C703DF23BCBA}.AppStore|Mixed Platforms.Build.0 = AppStore|iPhone
		{4A0658B4-FCD1-456E-A1AE-C703DF23BCBA}.AppStore|x86.ActiveCfg = AppStore|iPhone
		{4A0658B4-FCD1-456E-A1AE-C703DF23BCBA}.Debug|Any CPU.ActiveCfg = Debug|iPhone
		{4A0658B4-FCD1-456E-A1AE-C703DF23BCBA}.Debug|ARM.ActiveCfg = Debug|iPhone
		{4A0658B4-FCD1-456E-A1AE-C703DF23BCBA}.Debug|iPhone.ActiveCfg = Debug|iPhone
		{4A0658B4-FCD1-456E-A1AE-C703DF23BCBA}.Debug|iPhone.Build.0 = Debug|iPhone
		{4A0658B4-FCD1-456E-A1AE-C703DF23BCBA}.Debug|iPhoneSimulator.ActiveCfg = Debug|iPhoneSimulator
		{4A0658B4-FCD1-456E-A1AE-C703DF23BCBA}.Debug|iPhoneSimulator.Build.0 = Debug|iPhoneSimulator
		{4A0658B4-FCD1-456E-A1AE-C703DF23BCBA}.Debug|Mixed Platforms.ActiveCfg = Debug|iPhone
		{4A0658B4-FCD1-456E-A1AE-C703DF23BCBA}.Debug|Mixed Platforms.Build.0 = Debug|iPhone
		{4A0658B4-FCD1-456E-A1AE-C703DF23BCBA}.Debug|x86.ActiveCfg = Debug|iPhone
		{4A0658B4-FCD1-456E-A1AE-C703DF23BCBA}.Release|Any CPU.ActiveCfg = Release|iPhone
		{4A0658B4-FCD1-456E-A1AE-C703DF23BCBA}.Release|ARM.ActiveCfg = Release|iPhone
		{4A0658B4-FCD1-456E-A1AE-C703DF23BCBA}.Release|iPhone.ActiveCfg = Release|iPhone
		{4A0658B4-FCD1-456E-A1AE-C703DF23BCBA}.Release|iPhone.Build.0 = Release|iPhone
		{4A0658B4-FCD1-456E-A1AE-C703DF23BCBA}.Release|iPhoneSimulator.ActiveCfg = Release|iPhoneSimulator
		{4A0658B4-FCD1-456E-A1AE-C703DF23BCBA}.Release|iPhoneSimulator.Build.0 = Release|iPhoneSimulator
		{4A0658B4-FCD1-456E-A1AE-C703DF23BCBA}.Release|Mixed Platforms.ActiveCfg = Release|iPhone
		{4A0658B4-FCD1-456E-A1AE-C703DF23BCBA}.Release|Mixed Platforms.Build.0 = Release|iPhone
		{4A0658B4-FCD1-456E-A1AE-C703DF23BCBA}.Release|x86.ActiveCfg = Release|iPhone
		{FF3CF3B3-3333-4AA6-A1B8-EBFA95B0444C}.Ad-Hoc|Any CPU.ActiveCfg = Release|Any CPU
		{FF3CF3B3-3333-4AA6-A1B8-EBFA95B0444C}.Ad-Hoc|Any CPU.Build.0 = Release|Any CPU
		{FF3CF3B3-3333-4AA6-A1B8-EBFA95B0444C}.Ad-Hoc|Any CPU.Deploy.0 = Release|Any CPU
		{FF3CF3B3-3333-4AA6-A1B8-EBFA95B0444C}.Ad-Hoc|ARM.ActiveCfg = Release|Any CPU
		{FF3CF3B3-3333-4AA6-A1B8-EBFA95B0444C}.Ad-Hoc|iPhone.ActiveCfg = Release|Any CPU
		{FF3CF3B3-3333-4AA6-A1B8-EBFA95B0444C}.Ad-Hoc|iPhoneSimulator.ActiveCfg = Release|Any CPU
		{FF3CF3B3-3333-4AA6-A1B8-EBFA95B0444C}.Ad-Hoc|Mixed Platforms.ActiveCfg = Release|Any CPU
		{FF3CF3B3-3333-4AA6-A1B8-EBFA95B0444C}.Ad-Hoc|Mixed Platforms.Build.0 = Release|Any CPU
		{FF3CF3B3-3333-4AA6-A1B8-EBFA95B0444C}.Ad-Hoc|Mixed Platforms.Deploy.0 = Release|Any CPU
		{FF3CF3B3-3333-4AA6-A1B8-EBFA95B0444C}.Ad-Hoc|x86.ActiveCfg = Release|Any CPU
		{FF3CF3B3-3333-4AA6-A1B8-EBFA95B0444C}.AppStore|Any CPU.ActiveCfg = Release|Any CPU
		{FF3CF3B3-3333-4AA6-A1B8-EBFA95B0444C}.AppStore|Any CPU.Build.0 = Release|Any CPU
		{FF3CF3B3-3333-4AA6-A1B8-EBFA95B0444C}.AppStore|Any CPU.Deploy.0 = Release|Any CPU
		{FF3CF3B3-3333-4AA6-A1B8-EBFA95B0444C}.AppStore|ARM.ActiveCfg = Release|Any CPU
		{FF3CF3B3-3333-4AA6-A1B8-EBFA95B0444C}.AppStore|iPhone.ActiveCfg = Release|Any CPU
		{FF3CF3B3-3333-4AA6-A1B8-EBFA95B0444C}.AppStore|iPhoneSimulator.ActiveCfg = Release|Any CPU
		{FF3CF3B3-3333-4AA6-A1B8-EBFA95B0444C}.AppStore|Mixed Platforms.ActiveCfg = Release|Any CPU
		{FF3CF3B3-3333-4AA6-A1B8-EBFA95B0444C}.AppStore|Mixed Platforms.Build.0 = Release|Any CPU
		{FF3CF3B3-3333-4AA6-A1B8-EBFA95B0444C}.AppStore|Mixed Platforms.Deploy.0 = Release|Any CPU
		{FF3CF3B3-3333-4AA6-A1B8-EBFA95B0444C}.AppStore|x86.ActiveCfg = Release|Any CPU
		{FF3CF3B3-3333-4AA6-A1B8-EBFA95B0444C}.Debug|Any CPU.ActiveCfg = Debug|Any CPU
		{FF3CF3B3-3333-4AA6-A1B8-EBFA95B0444C}.Debug|Any CPU.Build.0 = Debug|Any CPU
		{FF3CF3B3-3333-4AA6-A1B8-EBFA95B0444C}.Debug|Any CPU.Deploy.0 = Debug|Any CPU
		{FF3CF3B3-3333-4AA6-A1B8-EBFA95B0444C}.Debug|ARM.ActiveCfg = Debug|Any CPU
		{FF3CF3B3-3333-4AA6-A1B8-EBFA95B0444C}.Debug|iPhone.ActiveCfg = Debug|Any CPU
		{FF3CF3B3-3333-4AA6-A1B8-EBFA95B0444C}.Debug|iPhoneSimulator.ActiveCfg = Debug|Any CPU
		{FF3CF3B3-3333-4AA6-A1B8-EBFA95B0444C}.Debug|Mixed Platforms.ActiveCfg = Debug|Any CPU
		{FF3CF3B3-3333-4AA6-A1B8-EBFA95B0444C}.Debug|Mixed Platforms.Build.0 = Debug|Any CPU
		{FF3CF3B3-3333-4AA6-A1B8-EBFA95B0444C}.Debug|Mixed Platforms.Deploy.0 = Debug|Any CPU
		{FF3CF3B3-3333-4AA6-A1B8-EBFA95B0444C}.Debug|x86.ActiveCfg = Debug|Any CPU
		{FF3CF3B3-3333-4AA6-A1B8-EBFA95B0444C}.Release|Any CPU.ActiveCfg = Release|Any CPU
		{FF3CF3B3-3333-4AA6-A1B8-EBFA95B0444C}.Release|Any CPU.Build.0 = Release|Any CPU
		{FF3CF3B3-3333-4AA6-A1B8-EBFA95B0444C}.Release|Any CPU.Deploy.0 = Release|Any CPU
		{FF3CF3B3-3333-4AA6-A1B8-EBFA95B0444C}.Release|ARM.ActiveCfg = Release|Any CPU
		{FF3CF3B3-3333-4AA6-A1B8-EBFA95B0444C}.Release|iPhone.ActiveCfg = Release|Any CPU
		{FF3CF3B3-3333-4AA6-A1B8-EBFA95B0444C}.Release|iPhoneSimulator.ActiveCfg = Release|Any CPU
		{FF3CF3B3-3333-4AA6-A1B8-EBFA95B0444C}.Release|Mixed Platforms.ActiveCfg = Release|Any CPU
		{FF3CF3B3-3333-4AA6-A1B8-EBFA95B0444C}.Release|Mixed Platforms.Build.0 = Release|Any CPU
		{FF3CF3B3-3333-4AA6-A1B8-EBFA95B0444C}.Release|Mixed Platforms.Deploy.0 = Release|Any CPU
		{FF3CF3B3-3333-4AA6-A1B8-EBFA95B0444C}.Release|x86.ActiveCfg = Release|Any CPU
		{68F4DA5A-20E8-413C-8D4C-8C38A426D7A3}.Ad-Hoc|Any CPU.ActiveCfg = Release|Any CPU
		{68F4DA5A-20E8-413C-8D4C-8C38A426D7A3}.Ad-Hoc|Any CPU.Build.0 = Release|Any CPU
		{68F4DA5A-20E8-413C-8D4C-8C38A426D7A3}.Ad-Hoc|Any CPU.Deploy.0 = Release|Any CPU
		{68F4DA5A-20E8-413C-8D4C-8C38A426D7A3}.Ad-Hoc|ARM.ActiveCfg = Release|ARM
		{68F4DA5A-20E8-413C-8D4C-8C38A426D7A3}.Ad-Hoc|ARM.Build.0 = Release|ARM
		{68F4DA5A-20E8-413C-8D4C-8C38A426D7A3}.Ad-Hoc|ARM.Deploy.0 = Release|ARM
		{68F4DA5A-20E8-413C-8D4C-8C38A426D7A3}.Ad-Hoc|iPhone.ActiveCfg = Release|Any CPU
		{68F4DA5A-20E8-413C-8D4C-8C38A426D7A3}.Ad-Hoc|iPhoneSimulator.ActiveCfg = Release|Any CPU
		{68F4DA5A-20E8-413C-8D4C-8C38A426D7A3}.Ad-Hoc|Mixed Platforms.ActiveCfg = Release|x86
		{68F4DA5A-20E8-413C-8D4C-8C38A426D7A3}.Ad-Hoc|Mixed Platforms.Build.0 = Release|x86
		{68F4DA5A-20E8-413C-8D4C-8C38A426D7A3}.Ad-Hoc|Mixed Platforms.Deploy.0 = Release|x86
		{68F4DA5A-20E8-413C-8D4C-8C38A426D7A3}.Ad-Hoc|x86.ActiveCfg = Release|x86
		{68F4DA5A-20E8-413C-8D4C-8C38A426D7A3}.Ad-Hoc|x86.Build.0 = Release|x86
		{68F4DA5A-20E8-413C-8D4C-8C38A426D7A3}.Ad-Hoc|x86.Deploy.0 = Release|x86
		{68F4DA5A-20E8-413C-8D4C-8C38A426D7A3}.AppStore|Any CPU.ActiveCfg = Release|Any CPU
		{68F4DA5A-20E8-413C-8D4C-8C38A426D7A3}.AppStore|Any CPU.Build.0 = Release|Any CPU
		{68F4DA5A-20E8-413C-8D4C-8C38A426D7A3}.AppStore|Any CPU.Deploy.0 = Release|Any CPU
		{68F4DA5A-20E8-413C-8D4C-8C38A426D7A3}.AppStore|ARM.ActiveCfg = Release|ARM
		{68F4DA5A-20E8-413C-8D4C-8C38A426D7A3}.AppStore|ARM.Build.0 = Release|ARM
		{68F4DA5A-20E8-413C-8D4C-8C38A426D7A3}.AppStore|ARM.Deploy.0 = Release|ARM
		{68F4DA5A-20E8-413C-8D4C-8C38A426D7A3}.AppStore|iPhone.ActiveCfg = Release|Any CPU
		{68F4DA5A-20E8-413C-8D4C-8C38A426D7A3}.AppStore|iPhoneSimulator.ActiveCfg = Release|Any CPU
		{68F4DA5A-20E8-413C-8D4C-8C38A426D7A3}.AppStore|Mixed Platforms.ActiveCfg = Release|x86
		{68F4DA5A-20E8-413C-8D4C-8C38A426D7A3}.AppStore|Mixed Platforms.Build.0 = Release|x86
		{68F4DA5A-20E8-413C-8D4C-8C38A426D7A3}.AppStore|Mixed Platforms.Deploy.0 = Release|x86
		{68F4DA5A-20E8-413C-8D4C-8C38A426D7A3}.AppStore|x86.ActiveCfg = Release|x86
		{68F4DA5A-20E8-413C-8D4C-8C38A426D7A3}.AppStore|x86.Build.0 = Release|x86
		{68F4DA5A-20E8-413C-8D4C-8C38A426D7A3}.AppStore|x86.Deploy.0 = Release|x86
		{68F4DA5A-20E8-413C-8D4C-8C38A426D7A3}.Debug|Any CPU.ActiveCfg = Debug|Any CPU
		{68F4DA5A-20E8-413C-8D4C-8C38A426D7A3}.Debug|Any CPU.Build.0 = Debug|Any CPU
		{68F4DA5A-20E8-413C-8D4C-8C38A426D7A3}.Debug|Any CPU.Deploy.0 = Debug|Any CPU
		{68F4DA5A-20E8-413C-8D4C-8C38A426D7A3}.Debug|ARM.ActiveCfg = Debug|ARM
		{68F4DA5A-20E8-413C-8D4C-8C38A426D7A3}.Debug|ARM.Build.0 = Debug|ARM
		{68F4DA5A-20E8-413C-8D4C-8C38A426D7A3}.Debug|ARM.Deploy.0 = Debug|ARM
		{68F4DA5A-20E8-413C-8D4C-8C38A426D7A3}.Debug|iPhone.ActiveCfg = Debug|Any CPU
		{68F4DA5A-20E8-413C-8D4C-8C38A426D7A3}.Debug|iPhoneSimulator.ActiveCfg = Debug|Any CPU
		{68F4DA5A-20E8-413C-8D4C-8C38A426D7A3}.Debug|Mixed Platforms.ActiveCfg = Debug|x86
		{68F4DA5A-20E8-413C-8D4C-8C38A426D7A3}.Debug|Mixed Platforms.Build.0 = Debug|x86
		{68F4DA5A-20E8-413C-8D4C-8C38A426D7A3}.Debug|Mixed Platforms.Deploy.0 = Debug|x86
		{68F4DA5A-20E8-413C-8D4C-8C38A426D7A3}.Debug|x86.ActiveCfg = Debug|x86
		{68F4DA5A-20E8-413C-8D4C-8C38A426D7A3}.Debug|x86.Build.0 = Debug|x86
		{68F4DA5A-20E8-413C-8D4C-8C38A426D7A3}.Debug|x86.Deploy.0 = Debug|x86
		{68F4DA5A-20E8-413C-8D4C-8C38A426D7A3}.Release|Any CPU.ActiveCfg = Release|Any CPU
		{68F4DA5A-20E8-413C-8D4C-8C38A426D7A3}.Release|Any CPU.Build.0 = Release|Any CPU
		{68F4DA5A-20E8-413C-8D4C-8C38A426D7A3}.Release|Any CPU.Deploy.0 = Release|Any CPU
		{68F4DA5A-20E8-413C-8D4C-8C38A426D7A3}.Release|ARM.ActiveCfg = Release|ARM
		{68F4DA5A-20E8-413C-8D4C-8C38A426D7A3}.Release|ARM.Build.0 = Release|ARM
		{68F4DA5A-20E8-413C-8D4C-8C38A426D7A3}.Release|ARM.Deploy.0 = Release|ARM
		{68F4DA5A-20E8-413C-8D4C-8C38A426D7A3}.Release|iPhone.ActiveCfg = Release|Any CPU
		{68F4DA5A-20E8-413C-8D4C-8C38A426D7A3}.Release|iPhoneSimulator.ActiveCfg = Release|Any CPU
		{68F4DA5A-20E8-413C-8D4C-8C38A426D7A3}.Release|Mixed Platforms.ActiveCfg = Release|x86
		{68F4DA5A-20E8-413C-8D4C-8C38A426D7A3}.Release|Mixed Platforms.Build.0 = Release|x86
		{68F4DA5A-20E8-413C-8D4C-8C38A426D7A3}.Release|Mixed Platforms.Deploy.0 = Release|x86
		{68F4DA5A-20E8-413C-8D4C-8C38A426D7A3}.Release|x86.ActiveCfg = Release|x86
		{68F4DA5A-20E8-413C-8D4C-8C38A426D7A3}.Release|x86.Build.0 = Release|x86
		{68F4DA5A-20E8-413C-8D4C-8C38A426D7A3}.Release|x86.Deploy.0 = Release|x86
	EndGlobalSection
	GlobalSection(SolutionProperties) = preSolution
		HideSolutionNode = FALSE
	EndGlobalSection
EndGlobal
